
Microsoft Visual Studio Solution File, Format Version 12.00
# Visual Studio 15
VisualStudioVersion = 15.0.26730.16
MinimumVisualStudioVersion = 10.0.40219.1
Project("{2150E333-8FDC-42A3-9474-1A3956D46DE8}") = "Solution Items", "Solution Items", "{DB33407C-7574-4BFC-90F7-30E147C5469B}"
	ProjectSection(SolutionItems) = preProject
		docs\Backlog.md = docs\Backlog.md
	EndProjectSection
EndProject
Project("{F2A71F9B-5D33-465A-A702-920D77279786}") = "RaynMaker.Portfolio.Web", "src\RaynMaker.Portfolio.Web\RaynMaker.Portfolio.Web.fsproj", "{343E3582-F5D1-4A99-922A-A8129B4E19FD}"
EndProject
Global
	GlobalSection(SolutionConfigurationPlatforms) = preSolution
		Debug|Any CPU = Debug|Any CPU
		Release|Any CPU = Release|Any CPU
	EndGlobalSection
	GlobalSection(ProjectConfigurationPlatforms) = postSolution
		{343E3582-F5D1-4A99-922A-A8129B4E19FD}.Debug|Any CPU.ActiveCfg = Debug|Any CPU
		{343E3582-F5D1-4A99-922A-A8129B4E19FD}.Debug|Any CPU.Build.0 = Debug|Any CPU
		{343E3582-F5D1-4A99-922A-A8129B4E19FD}.Release|Any CPU.ActiveCfg = Release|Any CPU
		{343E3582-F5D1-4A99-922A-A8129B4E19FD}.Release|Any CPU.Build.0 = Release|Any CPU
	EndGlobalSection
	GlobalSection(SolutionProperties) = preSolution
		HideSolutionNode = FALSE
	EndGlobalSection
	GlobalSection(ExtensibilityGlobals) = postSolution
		SolutionGuid = {63C70028-1287-4066-A935-7A7D31EB321D}
	EndGlobalSection
EndGlobal
