
Microsoft Visual Studio Solution File, Format Version 12.00
# Visual Studio Version 16
VisualStudioVersion = 16.0.29806.167
MinimumVisualStudioVersion = 10.0.40219.1
Project("{2150E333-8FDC-42A3-9474-1A3956D46DE8}") = "Solution Items", "Solution Items", "{DB33407C-7574-4BFC-90F7-30E147C5469B}"
	ProjectSection(SolutionItems) = preProject
		docs\Backlog.md = docs\Backlog.md
		ChangeLog.md = ChangeLog.md
		README.md = README.md
	EndProjectSection
EndProject
Project("{6EC3EE1D-3C4E-46DD-8F32-0CC8E7565705}") = "RaynMaker.Portfolio.Service", "src\RaynMaker.Portfolio.Service\RaynMaker.Portfolio.Service.fsproj", "{343E3582-F5D1-4A99-922A-A8129B4E19FD}"
EndProject
Project("{6EC3EE1D-3C4E-46DD-8F32-0CC8E7565705}") = "RaynMaker.Portfolio", "src\RaynMaker.Portfolio\RaynMaker.Portfolio.fsproj", "{FB545EA0-6567-4392-9D68-B19EB27B84DB}"
EndProject
Project("{6EC3EE1D-3C4E-46DD-8F32-0CC8E7565705}") = "RaynMaker.Portfolio.Specs", "src\RaynMaker.Portfolio.Specs\RaynMaker.Portfolio.Specs.fsproj", "{94678AC4-8845-4453-B244-E13B62DAC0D4}"
EndProject
Project("{9A19103F-16F7-4668-BE54-9A1E7A4F7556}") = "RaynMaker.Portfolio.Shell", "src\RaynMaker.Portfolio.Shell\RaynMaker.Portfolio.Shell.csproj", "{74BABC5A-8261-4C2E-8374-346517C5E6DE}"
EndProject
Project("{9A19103F-16F7-4668-BE54-9A1E7A4F7556}") = "RaynMaker.Portfolio.WebUI", "src\RaynMaker.Portfolio.WebUI\RaynMaker.Portfolio.WebUI.csproj", "{DB9F44A4-BAD7-4389-A2A9-872330C8C2DE}"
EndProject
Global
	GlobalSection(SolutionConfigurationPlatforms) = preSolution
		Debug|Any CPU = Debug|Any CPU
		Release|Any CPU = Release|Any CPU
	EndGlobalSection
	GlobalSection(ProjectConfigurationPlatforms) = postSolution
		{343E3582-F5D1-4A99-922A-A8129B4E19FD}.Debug|Any CPU.ActiveCfg = Debug|Any CPU
		{343E3582-F5D1-4A99-922A-A8129B4E19FD}.Debug|Any CPU.Build.0 = Debug|Any CPU
		{343E3582-F5D1-4A99-922A-A8129B4E19FD}.Release|Any CPU.ActiveCfg = Release|Any CPU
		{343E3582-F5D1-4A99-922A-A8129B4E19FD}.Release|Any CPU.Build.0 = Release|Any CPU
		{FB545EA0-6567-4392-9D68-B19EB27B84DB}.Debug|Any CPU.ActiveCfg = Debug|Any CPU
		{FB545EA0-6567-4392-9D68-B19EB27B84DB}.Debug|Any CPU.Build.0 = Debug|Any CPU
		{FB545EA0-6567-4392-9D68-B19EB27B84DB}.Release|Any CPU.ActiveCfg = Release|Any CPU
		{FB545EA0-6567-4392-9D68-B19EB27B84DB}.Release|Any CPU.Build.0 = Release|Any CPU
		{94678AC4-8845-4453-B244-E13B62DAC0D4}.Debug|Any CPU.ActiveCfg = Debug|Any CPU
		{94678AC4-8845-4453-B244-E13B62DAC0D4}.Debug|Any CPU.Build.0 = Debug|Any CPU
		{94678AC4-8845-4453-B244-E13B62DAC0D4}.Release|Any CPU.ActiveCfg = Release|Any CPU
		{94678AC4-8845-4453-B244-E13B62DAC0D4}.Release|Any CPU.Build.0 = Release|Any CPU
		{74BABC5A-8261-4C2E-8374-346517C5E6DE}.Debug|Any CPU.ActiveCfg = Debug|Any CPU
		{74BABC5A-8261-4C2E-8374-346517C5E6DE}.Debug|Any CPU.Build.0 = Debug|Any CPU
		{74BABC5A-8261-4C2E-8374-346517C5E6DE}.Release|Any CPU.ActiveCfg = Release|Any CPU
		{74BABC5A-8261-4C2E-8374-346517C5E6DE}.Release|Any CPU.Build.0 = Release|Any CPU
		{DB9F44A4-BAD7-4389-A2A9-872330C8C2DE}.Debug|Any CPU.ActiveCfg = Debug|Any CPU
		{DB9F44A4-BAD7-4389-A2A9-872330C8C2DE}.Debug|Any CPU.Build.0 = Debug|Any CPU
		{DB9F44A4-BAD7-4389-A2A9-872330C8C2DE}.Release|Any CPU.ActiveCfg = Release|Any CPU
		{DB9F44A4-BAD7-4389-A2A9-872330C8C2DE}.Release|Any CPU.Build.0 = Release|Any CPU
	EndGlobalSection
	GlobalSection(SolutionProperties) = preSolution
		HideSolutionNode = FALSE
	EndGlobalSection
	GlobalSection(ExtensibilityGlobals) = postSolution
		SolutionGuid = {63C70028-1287-4066-A935-7A7D31EB321D}
	EndGlobalSection
EndGlobal
